{
  "name": "@shapeshift-labs/frontier-test",
  "version": "0.1.1",
  "lockfileVersion": 3,
  "requires": true,
  "packages": {
    "": {
      "name": "@shapeshift-labs/frontier-test",
      "version": "0.1.1",
      "license": "MIT",
      "dependencies": {
        "@shapeshift-labs/frontier": "0.1.9"
      },
      "devDependencies": {
        "@cucumber/messages": "^32.3.1",
        "fast-check": "^4.1.7",
        "junit-report-builder": "^5.1.2",
        "tap-parser": "^18.3.4",
        "typescript": "^6.0.3"
      },
      "engines": {
        "node": ">=18"
      }
    },
    "node_modules/@cucumber/messages": {
      "version": "32.3.1",
      "dev": true,
      "license": "MIT",
      "dependencies": {
        "class-transformer": "0.5.1",
        "reflect-metadata": "0.2.2"
      }
    },
    "node_modules/@shapeshift-labs/frontier": {
      "version": "0.1.9",
      "license": "MIT",
      "engines": {
        "node": ">=18"
      }
    },
    "node_modules/class-transformer": {
      "version": "0.5.1",
      "dev": true,
      "license": "MIT"
    },
    "node_modules/events-to-array": {
      "version": "2.0.3",
      "dev": true,
      "license": "ISC",
      "engines": {
        "node": ">=12"
      }
    },
    "node_modules/fast-check": {
      "version": "4.8.0",
      "dev": true,
      "funding": [
        {
          "type": "individual",
          "url": "https://github.com/sponsors/dubzzz"
        },
        {
          "type": "opencollective",
          "url": "https://opencollective.com/fast-check"
        }
      ],
      "license": "MIT",
      "dependencies": {
        "pure-rand": "^8.0.0"
      },
      "engines": {
        "node": ">=12.17.0"
      }
    },
    "node_modules/junit-report-builder": {
      "version": "5.1.2",
      "dev": true,
      "license": "MIT",
      "dependencies": {
        "lodash": "^4.18.1",
        "make-dir": "^3.1.0",
        "xmlbuilder": "^15.1.1"
      },
      "engines": {
        "node": ">=16"
      }
    },
    "node_modules/lodash": {
      "version": "4.18.1",
      "dev": true,
      "license": "MIT"
    },
    "node_modules/make-dir": {
      "version": "3.1.0",
      "dev": true,
      "license": "MIT",
      "dependencies": {
        "semver": "^6.0.0"
      },
      "engines": {
        "node": ">=8"
      },
      "funding": {
        "url": "https://github.com/sponsors/sindresorhus"
      }
    },
    "node_modules/pure-rand": {
      "version": "8.4.0",
      "dev": true,
      "funding": [
        {
          "type": "individual",
          "url": "https://github.com/sponsors/dubzzz"
        },
        {
          "type": "opencollective",
          "url": "https://opencollective.com/fast-check"
        }
      ],
      "license": "MIT"
    },
    "node_modules/reflect-metadata": {
      "version": "0.2.2",
      "dev": true,
      "license": "Apache-2.0"
    },
    "node_modules/semver": {
      "version": "6.3.1",
      "dev": true,
      "license": "ISC",
      "bin": {
        "semver": "bin/semver.js"
      }
    },
    "node_modules/tap-parser": {
      "version": "18.3.4",
      "dev": true,
      "license": "BlueOak-1.0.0",
      "dependencies": {
        "events-to-array": "^2.0.3",
        "tap-yaml": "4.4.2"
      },
      "bin": {
        "tap-parser": "bin/cmd.cjs"
      },
      "engines": {
        "node": "20 || >=22"
      }
    },
    "node_modules/tap-yaml": {
      "version": "4.4.2",
      "dev": true,
      "license": "BlueOak-1.0.0",
      "dependencies": {
        "yaml": "^2.8.3",
        "yaml-types": "^0.4.0"
      },
      "engines": {
        "node": "20 || >=22"
      }
    },
    "node_modules/typescript": {
      "version": "6.0.3",
      "dev": true,
      "license": "Apache-2.0",
      "bin": {
        "tsc": "bin/tsc",
        "tsserver": "bin/tsserver"
      },
      "engines": {
        "node": ">=14.17"
      }
    },
    "node_modules/xmlbuilder": {
      "version": "15.1.1",
      "dev": true,
      "license": "MIT",
      "engines": {
        "node": ">=8.0"
      }
    },
    "node_modules/yaml": {
      "version": "2.9.0",
      "dev": true,
      "license": "ISC",
      "bin": {
        "yaml": "bin.mjs"
      },
      "engines": {
        "node": ">= 14.6"
      },
      "funding": {
        "url": "https://github.com/sponsors/eemeli"
      }
    },
    "node_modules/yaml-types": {
      "version": "0.4.0",
      "dev": true,
      "license": "ISC",
      "engines": {
        "node": ">= 16",
        "npm": ">= 7"
      },
      "peerDependencies": {
        "yaml": "^2.3.0"
      }
    }
  }
}
