{
  "name": "@shapeshift-labs/frontier-test",
  "version": "0.1.0",
  "lockfileVersion": 3,
  "requires": true,
  "packages": {
    "": {
      "name": "@shapeshift-labs/frontier-test",
      "version": "0.1.0",
      "license": "MIT",
      "dependencies": {
        "@shapeshift-labs/frontier": "0.1.9"
      },
      "devDependencies": {
        "@cucumber/messages": "^32.3.1",
        "fast-check": "^4.1.7",
        "junit-report-builder": "^5.1.2",
        "tap-parser": "^18.3.4",
        "typescript": "^6.0.3"
      },
      "engines": {
        "node": ">=18"
      }
    },
    "node_modules/@cucumber/messages": {
      "version": "32.3.1",
      "resolved": "https://registry.npmjs.org/@cucumber/messages/-/messages-32.3.1.tgz",
      "integrity": "sha512-yNQq1KoXRYaEKrWMFmpUQX7TdeQuU9jeGgJAZ3dArTsC/T4NpJ6DnqaJIIgwPnz/wtQIQTNX7/h0rOuF5xY4qQ==",
      "dev": true,
      "license": "MIT",
      "dependencies": {
        "class-transformer": "0.5.1",
        "reflect-metadata": "0.2.2"
      }
    },
    "node_modules/@shapeshift-labs/frontier": {
      "version": "0.1.9",
      "resolved": "https://registry.npmjs.org/@shapeshift-labs/frontier/-/frontier-0.1.9.tgz",
      "integrity": "sha512-uAPS5NL7Rfrq+w/9zDETcE7S4aHYvIFI+v7pt+z6eE2UwnFoYh8NxZKS1ueelZThqp7743JdvCzAarUoDn/SSA==",
      "license": "MIT",
      "engines": {
        "node": ">=18"
      }
    },
    "node_modules/class-transformer": {
      "version": "0.5.1",
      "resolved": "https://registry.npmjs.org/class-transformer/-/class-transformer-0.5.1.tgz",
      "integrity": "sha512-SQa1Ws6hUbfC98vKGxZH3KFY0Y1lm5Zm0SY8XX9zbK7FJCyVEac3ATW0RIpwzW+oOfmHE5PMPufDG9hCfoEOMw==",
      "dev": true,
      "license": "MIT"
    },
    "node_modules/events-to-array": {
      "version": "2.0.3",
      "resolved": "https://registry.npmjs.org/events-to-array/-/events-to-array-2.0.3.tgz",
      "integrity": "sha512-f/qE2gImHRa4Cp2y1stEOSgw8wTFyUdVJX7G//bMwbaV9JqISFxg99NbmVQeP7YLnDUZ2un851jlaDrlpmGehQ==",
      "dev": true,
      "license": "ISC",
      "engines": {
        "node": ">=12"
      }
    },
    "node_modules/fast-check": {
      "version": "4.8.0",
      "resolved": "https://registry.npmjs.org/fast-check/-/fast-check-4.8.0.tgz",
      "integrity": "sha512-GOJ158CUMnN6cSahsv4+ExARvIDuzzinFjkp0E9WtiBa5zcVeLozVkWaE4IzFcc+Y48Wp1EDlUZsXRyAztQcSg==",
      "dev": true,
      "funding": [
        {
          "type": "individual",
          "url": "https://github.com/sponsors/dubzzz"
        },
        {
          "type": "opencollective",
          "url": "https://opencollective.com/fast-check"
        }
      ],
      "license": "MIT",
      "dependencies": {
        "pure-rand": "^8.0.0"
      },
      "engines": {
        "node": ">=12.17.0"
      }
    },
    "node_modules/junit-report-builder": {
      "version": "5.1.2",
      "resolved": "https://registry.npmjs.org/junit-report-builder/-/junit-report-builder-5.1.2.tgz",
      "integrity": "sha512-HzvLbEQcoqN2LmGnloShxu2hLadi/rkOTU3zt61UeMICLS0wGDvbf8neIi6+bGkxMnAePIcFMFnbqV+r6YvwxA==",
      "dev": true,
      "license": "MIT",
      "dependencies": {
        "lodash": "^4.18.1",
        "make-dir": "^3.1.0",
        "xmlbuilder": "^15.1.1"
      },
      "engines": {
        "node": ">=16"
      }
    },
    "node_modules/lodash": {
      "version": "4.18.1",
      "resolved": "https://registry.npmjs.org/lodash/-/lodash-4.18.1.tgz",
      "integrity": "sha512-dMInicTPVE8d1e5otfwmmjlxkZoUpiVLwyeTdUsi/Caj/gfzzblBcCE5sRHV/AsjuCmxWrte2TNGSYuCeCq+0Q==",
      "dev": true,
      "license": "MIT"
    },
    "node_modules/make-dir": {
      "version": "3.1.0",
      "resolved": "https://registry.npmjs.org/make-dir/-/make-dir-3.1.0.tgz",
      "integrity": "sha512-g3FeP20LNwhALb/6Cz6Dd4F2ngze0jz7tbzrD2wAV+o9FeNHe4rL+yK2md0J/fiSf1sa1ADhXqi5+oVwOM/eGw==",
      "dev": true,
      "license": "MIT",
      "dependencies": {
        "semver": "^6.0.0"
      },
      "engines": {
        "node": ">=8"
      },
      "funding": {
        "url": "https://github.com/sponsors/sindresorhus"
      }
    },
    "node_modules/pure-rand": {
      "version": "8.4.0",
      "resolved": "https://registry.npmjs.org/pure-rand/-/pure-rand-8.4.0.tgz",
      "integrity": "sha512-IoM8YF/jY0hiugFo/wOWqfmarlE6J0wc6fDK1PhftMk7MGhVZl88sZimmqBBFomLOCSmcCCpsfj7wXASCpvK9A==",
      "dev": true,
      "funding": [
        {
          "type": "individual",
          "url": "https://github.com/sponsors/dubzzz"
        },
        {
          "type": "opencollective",
          "url": "https://opencollective.com/fast-check"
        }
      ],
      "license": "MIT"
    },
    "node_modules/reflect-metadata": {
      "version": "0.2.2",
      "resolved": "https://registry.npmjs.org/reflect-metadata/-/reflect-metadata-0.2.2.tgz",
      "integrity": "sha512-urBwgfrvVP/eAyXx4hluJivBKzuEbSQs9rKWCrCkbSxNv8mxPcUZKeuoF3Uy4mJl3Lwprp6yy5/39VWigZ4K6Q==",
      "dev": true,
      "license": "Apache-2.0"
    },
    "node_modules/semver": {
      "version": "6.3.1",
      "resolved": "https://registry.npmjs.org/semver/-/semver-6.3.1.tgz",
      "integrity": "sha512-BR7VvDCVHO+q2xBEWskxS6DJE1qRnb7DxzUrogb71CWoSficBxYsiAGd+Kl0mmq/MprG9yArRkyrQxTO6XjMzA==",
      "dev": true,
      "license": "ISC",
      "bin": {
        "semver": "bin/semver.js"
      }
    },
    "node_modules/tap-parser": {
      "version": "18.3.4",
      "resolved": "https://registry.npmjs.org/tap-parser/-/tap-parser-18.3.4.tgz",
      "integrity": "sha512-CiqzdpWn2CvONcWp7UNMF9/rCPJwCz0es+qykkgJruu1Y/rAS8A5MEQujmjx9NErfst3dGiZJU3lDS2jBsgbPA==",
      "dev": true,
      "license": "BlueOak-1.0.0",
      "dependencies": {
        "events-to-array": "^2.0.3",
        "tap-yaml": "4.4.2"
      },
      "bin": {
        "tap-parser": "bin/cmd.cjs"
      },
      "engines": {
        "node": "20 || >=22"
      }
    },
    "node_modules/tap-yaml": {
      "version": "4.4.2",
      "resolved": "https://registry.npmjs.org/tap-yaml/-/tap-yaml-4.4.2.tgz",
      "integrity": "sha512-03mQI7QhfVZHJqGgFyxNTgUbgsG41ZzpWSb7k1Gangmf9hF71Jpb0Fczs7KtOdUDaHx+KxlPUdM2pQJaijebGA==",
      "dev": true,
      "license": "BlueOak-1.0.0",
      "dependencies": {
        "yaml": "^2.8.3",
        "yaml-types": "^0.4.0"
      },
      "engines": {
        "node": "20 || >=22"
      }
    },
    "node_modules/typescript": {
      "version": "6.0.3",
      "resolved": "https://registry.npmjs.org/typescript/-/typescript-6.0.3.tgz",
      "integrity": "sha512-y2TvuxSZPDyQakkFRPZHKFm+KKVqIisdg9/CZwm9ftvKXLP8NRWj38/ODjNbr43SsoXqNuAisEf1GdCxqWcdBw==",
      "dev": true,
      "license": "Apache-2.0",
      "bin": {
        "tsc": "bin/tsc",
        "tsserver": "bin/tsserver"
      },
      "engines": {
        "node": ">=14.17"
      }
    },
    "node_modules/xmlbuilder": {
      "version": "15.1.1",
      "resolved": "https://registry.npmjs.org/xmlbuilder/-/xmlbuilder-15.1.1.tgz",
      "integrity": "sha512-yMqGBqtXyeN1e3TGYvgNgDVZ3j84W4cwkOXQswghol6APgZWaff9lnbvN7MHYJOiXsvGPXtjTYJEiC9J2wv9Eg==",
      "dev": true,
      "license": "MIT",
      "engines": {
        "node": ">=8.0"
      }
    },
    "node_modules/yaml": {
      "version": "2.9.0",
      "resolved": "https://registry.npmjs.org/yaml/-/yaml-2.9.0.tgz",
      "integrity": "sha512-2AvhNX3mb8zd6Zy7INTtSpl1F15HW6Wnqj0srWlkKLcpYl/gMIMJiyuGq2KeI2YFxUPjdlB+3Lc10seMLtL4cA==",
      "dev": true,
      "license": "ISC",
      "bin": {
        "yaml": "bin.mjs"
      },
      "engines": {
        "node": ">= 14.6"
      },
      "funding": {
        "url": "https://github.com/sponsors/eemeli"
      }
    },
    "node_modules/yaml-types": {
      "version": "0.4.0",
      "resolved": "https://registry.npmjs.org/yaml-types/-/yaml-types-0.4.0.tgz",
      "integrity": "sha512-XfbA30NUg4/LWUiplMbiufUiwYhgB9jvBhTWel7XQqjV+GaB79c2tROu/8/Tu7jO0HvDvnKWtBk5ksWRrhQ/0g==",
      "dev": true,
      "license": "ISC",
      "engines": {
        "node": ">= 16",
        "npm": ">= 7"
      },
      "peerDependencies": {
        "yaml": "^2.3.0"
      }
    }
  }
}
